
Microsoft Visual Studio Solution File, Format Version 12.00
# Visual Studio Version 17
VisualStudioVersion = 17.4.33122.133
MinimumVisualStudioVersion = 10.0.40219.1
Project("{FAE04EC0-301F-11D3-BF4B-00C04F79EFBC}") = "Cliente_CRUD", "Cliente_CRUD\Cliente_CRUD.csproj", "{2261055B-91D2-4A11-ADB9-6724611DB46C}"
EndProject
Global
	GlobalSection(SolutionConfigurationPlatforms) = preSolution
		Debug|Any CPU = Debug|Any CPU
		Release|Any CPU = Release|Any CPU
	EndGlobalSection
	GlobalSection(ProjectConfigurationPlatforms) = postSolution
		{2261055B-91D2-4A11-ADB9-6724611DB46C}.Debug|Any CPU.ActiveCfg = Debug|Any CPU
		{2261055B-91D2-4A11-ADB9-6724611DB46C}.Debug|Any CPU.Build.0 = Debug|Any CPU
		{2261055B-91D2-4A11-ADB9-6724611DB46C}.Release|Any CPU.ActiveCfg = Release|Any CPU
		{2261055B-91D2-4A11-ADB9-6724611DB46C}.Release|Any CPU.Build.0 = Release|Any CPU
	EndGlobalSection
	GlobalSection(SolutionProperties) = preSolution
		HideSolutionNode = FALSE
	EndGlobalSection
	GlobalSection(ExtensibilityGlobals) = postSolution
		SolutionGuid = {E6610DB2-7689-469D-A361-1693F6448D3C}
	EndGlobalSection
EndGlobal
